// !$*UTF8*$!
{
	archiveVersion = 1;
	classes = {
	};
	objectVersion = 56;
	objects = {

/* Begin PBXBuildFile section */
		4B3EA21029AFA4150014B7B8 /* AppDelegate.swift in Sources */ = {isa = PBXBuildFile; fileRef = 4B3EA20F29AFA4150014B7B8 /* AppDelegate.swift */; };
		4B3EA21929AFA4170014B7B8 /* Assets.xcassets in Resources */ = {isa = PBXBuildFile; fileRef = 4B3EA21829AFA4170014B7B8 /* Assets.xcassets */; };
		4B3EA21C29AFA4170014B7B8 /* LaunchScreen.storyboard in Resources */ = {isa = PBXBuildFile; fileRef = 4B3EA21A29AFA4170014B7B8 /* LaunchScreen.storyboard */; };
		4B3EA22429B0C96B0014B7B8 /* MainViewController.swift in Sources */ = {isa = PBXBuildFile; fileRef = 4B3EA22329B0C96B0014B7B8 /* MainViewController.swift */; };
		4B3EA22629B0CBD50014B7B8 /* SceneDelegate.swift in Sources */ = {isa = PBXBuildFile; fileRef = 4B3EA22529B0CBD50014B7B8 /* SceneDelegate.swift */; };
		4B3EA23229B0CF7E0014B7B8 /* SnapKit in Frameworks */ = {isa = PBXBuildFile; productRef = 4B3EA23129B0CF7E0014B7B8 /* SnapKit */; };
		4B3EA23429B0D1370014B7B8 /* MainViewModel.swift in Sources */ = {isa = PBXBuildFile; fileRef = 4B3EA23329B0D1370014B7B8 /* MainViewModel.swift */; };
		4B3EA23629B0D5D00014B7B8 /* NetworkConstant.swift in Sources */ = {isa = PBXBuildFile; fileRef = 4B3EA23529B0D5D00014B7B8 /* NetworkConstant.swift */; };
		4B3EA23829B0D7260014B7B8 /* APICaller.swift in Sources */ = {isa = PBXBuildFile; fileRef = 4B3EA23729B0D7260014B7B8 /* APICaller.swift */; };
		4B3EA23A29B0D7780014B7B8 /* TrandingMoviesModel.swift in Sources */ = {isa = PBXBuildFile; fileRef = 4B3EA23929B0D7780014B7B8 /* TrandingMoviesModel.swift */; };
		4B3EA23C29B23A330014B7B8 /* Observable.swift in Sources */ = {isa = PBXBuildFile; fileRef = 4B3EA23B29B23A330014B7B8 /* Observable.swift */; };
		4B3EA23E29B3817E0014B7B8 /* MovieCell.swift in Sources */ = {isa = PBXBuildFile; fileRef = 4B3EA23D29B3817E0014B7B8 /* MovieCell.swift */; };
		4B3EA24229B3872C0014B7B8 /* MovieCellViewModel.swift in Sources */ = {isa = PBXBuildFile; fileRef = 4B3EA24129B3872C0014B7B8 /* MovieCellViewModel.swift */; };
		4B3EA24529B389E40014B7B8 /* SDWebImageSwiftUI in Frameworks */ = {isa = PBXBuildFile; productRef = 4B3EA24429B389E40014B7B8 /* SDWebImageSwiftUI */; };
/* End PBXBuildFile section */

/* Begin PBXFileReference section */
		4B3EA20C29AFA4150014B7B8 /* iOS_Architecture.app */ = {isa = PBXFileReference; explicitFileType = wrapper.application; includeInIndex = 0; path = iOS_Architecture.app; sourceTree = BUILT_PRODUCTS_DIR; };
		4B3EA20F29AFA4150014B7B8 /* AppDelegate.swift */ = {isa = PBXFileReference; lastKnownFileType = sourcecode.swift; path = AppDelegate.swift; sourceTree = "<group>"; };
		4B3EA21829AFA4170014B7B8 /* Assets.xcassets */ = {isa = PBXFileReference; lastKnownFileType = folder.assetcatalog; path = Assets.xcassets; sourceTree = "<group>"; };
		4B3EA21B29AFA4170014B7B8 /* Base */ = {isa = PBXFileReference; lastKnownFileType = file.storyboard; name = Base; path = Base.lproj/LaunchScreen.storyboard; sourceTree = "<group>"; };
		4B3EA21D29AFA4170014B7B8 /* Info.plist */ = {isa = PBXFileReference; lastKnownFileType = text.plist.xml; path = Info.plist; sourceTree = "<group>"; };
		4B3EA22329B0C96B0014B7B8 /* MainViewController.swift */ = {isa = PBXFileReference; lastKnownFileType = sourcecode.swift; path = MainViewController.swift; sourceTree = "<group>"; };
		4B3EA22529B0CBD50014B7B8 /* SceneDelegate.swift */ = {isa = PBXFileReference; lastKnownFileType = sourcecode.swift; path = SceneDelegate.swift; sourceTree = "<group>"; };
		4B3EA23329B0D1370014B7B8 /* MainViewModel.swift */ = {isa = PBXFileReference; lastKnownFileType = sourcecode.swift; path = MainViewModel.swift; sourceTree = "<group>"; };
		4B3EA23529B0D5D00014B7B8 /* NetworkConstant.swift */ = {isa = PBXFileReference; lastKnownFileType = sourcecode.swift; path = NetworkConstant.swift; sourceTree = "<group>"; };
		4B3EA23729B0D7260014B7B8 /* APICaller.swift */ = {isa = PBXFileReference; lastKnownFileType = sourcecode.swift; path = APICaller.swift; sourceTree = "<group>"; };
		4B3EA23929B0D7780014B7B8 /* TrandingMoviesModel.swift */ = {isa = PBXFileReference; lastKnownFileType = sourcecode.swift; path = TrandingMoviesModel.swift; sourceTree = "<group>"; };
		4B3EA23B29B23A330014B7B8 /* Observable.swift */ = {isa = PBXFileReference; lastKnownFileType = sourcecode.swift; path = Observable.swift; sourceTree = "<group>"; };
		4B3EA23D29B3817E0014B7B8 /* MovieCell.swift */ = {isa = PBXFileReference; lastKnownFileType = sourcecode.swift; path = MovieCell.swift; sourceTree = "<group>"; };
		4B3EA24129B3872C0014B7B8 /* MovieCellViewModel.swift */ = {isa = PBXFileReference; lastKnownFileType = sourcecode.swift; path = MovieCellViewModel.swift; sourceTree = "<group>"; };
/* End PBXFileReference section */

/* Begin PBXFrameworksBuildPhase section */
		4B3EA20929AFA4150014B7B8 /* Frameworks */ = {
			isa = PBXFrameworksBuildPhase;
			buildActionMask = 2147483647;
			files = (
				4B3EA24529B389E40014B7B8 /* SDWebImageSwiftUI in Frameworks */,
				4B3EA23229B0CF7E0014B7B8 /* SnapKit in Frameworks */,
			);
			runOnlyForDeploymentPostprocessing = 0;
		};
/* End PBXFrameworksBuildPhase section */

/* Begin PBXGroup section */
		4B3EA20329AFA4150014B7B8 = {
			isa = PBXGroup;
			children = (
				4B3EA20E29AFA4150014B7B8 /* iOS_Architecture */,
				4B3EA20D29AFA4150014B7B8 /* Products */,
			);
			sourceTree = "<group>";
		};
		4B3EA20D29AFA4150014B7B8 /* Products */ = {
			isa = PBXGroup;
			children = (
				4B3EA20C29AFA4150014B7B8 /* iOS_Architecture.app */,
			);
			name = Products;
			sourceTree = "<group>";
		};
		4B3EA20E29AFA4150014B7B8 /* iOS_Architecture */ = {
			isa = PBXGroup;
			children = (
				4B3EA20F29AFA4150014B7B8 /* AppDelegate.swift */,
				4B3EA22529B0CBD50014B7B8 /* SceneDelegate.swift */,
				4B3EA21D29AFA4170014B7B8 /* Info.plist */,
				4B3EA22829B0CDDE0014B7B8 /* Model */,
				4B3EA22F29B0CEB50014B7B8 /* Networking */,
				4B3EA22B29B0CE2F0014B7B8 /* Classes */,
				4B3EA22C29B0CE3D0014B7B8 /* Controllers */,
				4B3EA22929B0CDEF0014B7B8 /* View */,
				4B3EA22A29B0CE120014B7B8 /* ViewModel */,
				4B3EA22E29B0CE930014B7B8 /* Extensions */,
				4B3EA22D29B0CE7C0014B7B8 /* Resources */,
			);
			path = iOS_Architecture;
			sourceTree = "<group>";
		};
		4B3EA22829B0CDDE0014B7B8 /* Model */ = {
			isa = PBXGroup;
			children = (
				4B3EA23929B0D7780014B7B8 /* TrandingMoviesModel.swift */,
			);
			path = Model;
			sourceTree = "<group>";
		};
		4B3EA22929B0CDEF0014B7B8 /* View */ = {
			isa = PBXGroup;
			children = (
				4B3EA23D29B3817E0014B7B8 /* MovieCell.swift */,
			);
			name = View;
			path = ../View;
			sourceTree = "<group>";
		};
		4B3EA22A29B0CE120014B7B8 /* ViewModel */ = {
			isa = PBXGroup;
			children = (
				4B3EA23329B0D1370014B7B8 /* MainViewModel.swift */,
				4B3EA24129B3872C0014B7B8 /* MovieCellViewModel.swift */,
			);
			path = ViewModel;
			sourceTree = "<group>";
		};
		4B3EA22B29B0CE2F0014B7B8 /* Classes */ = {
			isa = PBXGroup;
			children = (
				4B3EA23B29B23A330014B7B8 /* Observable.swift */,
			);
			path = Classes;
			sourceTree = "<group>";
		};
		4B3EA22C29B0CE3D0014B7B8 /* Controllers */ = {
			isa = PBXGroup;
			children = (
				4B3EA22329B0C96B0014B7B8 /* MainViewController.swift */,
				4B3EA21A29AFA4170014B7B8 /* LaunchScreen.storyboard */,
			);
			path = Controllers;
			sourceTree = "<group>";
		};
		4B3EA22D29B0CE7C0014B7B8 /* Resources */ = {
			isa = PBXGroup;
			children = (
				4B3EA21829AFA4170014B7B8 /* Assets.xcassets */,
			);
			path = Resources;
			sourceTree = "<group>";
		};
		4B3EA22E29B0CE930014B7B8 /* Extensions */ = {
			isa = PBXGroup;
			children = (
			);
			path = Extensions;
			sourceTree = "<group>";
		};
		4B3EA22F29B0CEB50014B7B8 /* Networking */ = {
			isa = PBXGroup;
			children = (
				4B3EA23529B0D5D00014B7B8 /* NetworkConstant.swift */,
				4B3EA23729B0D7260014B7B8 /* APICaller.swift */,
			);
			path = Networking;
			sourceTree = "<group>";
		};
/* End PBXGroup section */

/* Begin PBXNativeTarget section */
		4B3EA20B29AFA4150014B7B8 /* iOS_Architecture */ = {
			isa = PBXNativeTarget;
			buildConfigurationList = 4B3EA22029AFA4170014B7B8 /* Build configuration list for PBXNativeTarget "iOS_Architecture" */;
			buildPhases = (
				4B3EA20829AFA4150014B7B8 /* Sources */,
				4B3EA20929AFA4150014B7B8 /* Frameworks */,
				4B3EA20A29AFA4150014B7B8 /* Resources */,
			);
			buildRules = (
			);
			dependencies = (
			);
			name = iOS_Architecture;
			packageProductDependencies = (
				4B3EA23129B0CF7E0014B7B8 /* SnapKit */,
				4B3EA24429B389E40014B7B8 /* SDWebImageSwiftUI */,
			);
			productName = iOS_Architecture;
			productReference = 4B3EA20C29AFA4150014B7B8 /* iOS_Architecture.app */;
			productType = "com.apple.product-type.application";
		};
/* End PBXNativeTarget section */

/* Begin PBXProject section */
		4B3EA20429AFA4150014B7B8 /* Project object */ = {
			isa = PBXProject;
			attributes = {
				BuildIndependentTargetsInParallel = 1;
				LastSwiftUpdateCheck = 1400;
				LastUpgradeCheck = 1400;
				TargetAttributes = {
					4B3EA20B29AFA4150014B7B8 = {
						CreatedOnToolsVersion = 14.0.1;
					};
				};
			};
			buildConfigurationList = 4B3EA20729AFA4150014B7B8 /* Build configuration list for PBXProject "iOS_Architecture" */;
			compatibilityVersion = "Xcode 14.0";
			developmentRegion = en;
			hasScannedForEncodings = 0;
			knownRegions = (
				en,
				Base,
			);
			mainGroup = 4B3EA20329AFA4150014B7B8;
			packageReferences = (
				4B3EA23029B0CF7E0014B7B8 /* XCRemoteSwiftPackageReference "SnapKit" */,
				4B3EA24329B389E40014B7B8 /* XCRemoteSwiftPackageReference "SDWebImageSwiftUI" */,
			);
			productRefGroup = 4B3EA20D29AFA4150014B7B8 /* Products */;
			projectDirPath = "";
			projectRoot = "";
			targets = (
				4B3EA20B29AFA4150014B7B8 /* iOS_Architecture */,
			);
		};
/* End PBXProject section */

/* Begin PBXResourcesBuildPhase section */
		4B3EA20A29AFA4150014B7B8 /* Resources */ = {
			isa = PBXResourcesBuildPhase;
			buildActionMask = 2147483647;
			files = (
				4B3EA21C29AFA4170014B7B8 /* LaunchScreen.storyboard in Resources */,
				4B3EA21929AFA4170014B7B8 /* Assets.xcassets in Resources */,
			);
			runOnlyForDeploymentPostprocessing = 0;
		};
/* End PBXResourcesBuildPhase section */

/* Begin PBXSourcesBuildPhase section */
		4B3EA20829AFA4150014B7B8 /* Sources */ = {
			isa = PBXSourcesBuildPhase;
			buildActionMask = 2147483647;
			files = (
				4B3EA23C29B23A330014B7B8 /* Observable.swift in Sources */,
				4B3EA23A29B0D7780014B7B8 /* TrandingMoviesModel.swift in Sources */,
				4B3EA21029AFA4150014B7B8 /* AppDelegate.swift in Sources */,
				4B3EA24229B3872C0014B7B8 /* MovieCellViewModel.swift in Sources */,
				4B3EA23E29B3817E0014B7B8 /* MovieCell.swift in Sources */,
				4B3EA23829B0D7260014B7B8 /* APICaller.swift in Sources */,
				4B3EA22429B0C96B0014B7B8 /* MainViewController.swift in Sources */,
				4B3EA22629B0CBD50014B7B8 /* SceneDelegate.swift in Sources */,
				4B3EA23629B0D5D00014B7B8 /* NetworkConstant.swift in Sources */,
				4B3EA23429B0D1370014B7B8 /* MainViewModel.swift in Sources */,
			);
			runOnlyForDeploymentPostprocessing = 0;
		};
/* End PBXSourcesBuildPhase section */

/* Begin PBXVariantGroup section */
		4B3EA21A29AFA4170014B7B8 /* LaunchScreen.storyboard */ = {
			isa = PBXVariantGroup;
			children = (
				4B3EA21B29AFA4170014B7B8 /* Base */,
			);
			name = LaunchScreen.storyboard;
			sourceTree = "<group>";
		};
/* End PBXVariantGroup section */

/* Begin XCBuildConfiguration section */
		4B3EA21E29AFA4170014B7B8 /* Debug */ = {
			isa = XCBuildConfiguration;
			buildSettings = {
				ALWAYS_SEARCH_USER_PATHS = NO;
				CLANG_ANALYZER_NONNULL = YES;
				CLANG_ANALYZER_NUMBER_OBJECT_CONVERSION = YES_AGGRESSIVE;
				CLANG_CXX_LANGUAGE_STANDARD = "gnu++20";
				CLANG_ENABLE_MODULES = YES;
				CLANG_ENABLE_OBJC_ARC = YES;
				CLANG_ENABLE_OBJC_WEAK = YES;
				CLANG_WARN_BLOCK_CAPTURE_AUTORELEASING = YES;
				CLANG_WARN_BOOL_CONVERSION = YES;
				CLANG_WARN_COMMA = YES;
				CLANG_WARN_CONSTANT_CONVERSION = YES;
				CLANG_WARN_DEPRECATED_OBJC_IMPLEMENTATIONS = YES;
				CLANG_WARN_DIRECT_OBJC_ISA_USAGE = YES_ERROR;
				CLANG_WARN_DOCUMENTATION_COMMENTS = YES;
				CLANG_WARN_EMPTY_BODY = YES;
				CLANG_WARN_ENUM_CONVERSION = YES;
				CLANG_WARN_INFINITE_RECURSION = YES;
				CLANG_WARN_INT_CONVERSION = YES;
				CLANG_WARN_NON_LITERAL_NULL_CONVERSION = YES;
				CLANG_WARN_OBJC_IMPLICIT_RETAIN_SELF = YES;
				CLANG_WARN_OBJC_LITERAL_CONVERSION = YES;
				CLANG_WARN_OBJC_ROOT_CLASS = YES_ERROR;
				CLANG_WARN_QUOTED_INCLUDE_IN_FRAMEWORK_HEADER = YES;
				CLANG_WARN_RANGE_LOOP_ANALYSIS = YES;
				CLANG_WARN_STRICT_PROTOTYPES = YES;
				CLANG_WARN_SUSPICIOUS_MOVE = YES;
				CLANG_WARN_UNGUARDED_AVAILABILITY = YES_AGGRESSIVE;
				CLANG_WARN_UNREACHABLE_CODE = YES;
				CLANG_WARN__DUPLICATE_METHOD_MATCH = YES;
				COPY_PHASE_STRIP = NO;
				DEBUG_INFORMATION_FORMAT = dwarf;
				ENABLE_STRICT_OBJC_MSGSEND = YES;
				ENABLE_TESTABILITY = YES;
				GCC_C_LANGUAGE_STANDARD = gnu11;
				GCC_DYNAMIC_NO_PIC = NO;
				GCC_NO_COMMON_BLOCKS = YES;
				GCC_OPTIMIZATION_LEVEL = 0;
				GCC_PREPROCESSOR_DEFINITIONS = (
					"DEBUG=1",
					"$(inherited)",
				);
				GCC_WARN_64_TO_32_BIT_CONVERSION = YES;
				GCC_WARN_ABOUT_RETURN_TYPE = YES_ERROR;
				GCC_WARN_UNDECLARED_SELECTOR = YES;
				GCC_WARN_UNINITIALIZED_AUTOS = YES_AGGRESSIVE;
				GCC_WARN_UNUSED_FUNCTION = YES;
				GCC_WARN_UNUSED_VARIABLE = YES;
				IPHONEOS_DEPLOYMENT_TARGET = 16.0;
				MTL_ENABLE_DEBUG_INFO = INCLUDE_SOURCE;
				MTL_FAST_MATH = YES;
				ONLY_ACTIVE_ARCH = YES;
				SDKROOT = iphoneos;
				SWIFT_ACTIVE_COMPILATION_CONDITIONS = DEBUG;
				SWIFT_OPTIMIZATION_LEVEL = "-Onone";
			};
			name = Debug;
		};
		4B3EA21F29AFA4170014B7B8 /* Release */ = {
			isa = XCBuildConfiguration;
			buildSettings = {
				ALWAYS_SEARCH_USER_PATHS = NO;
				CLANG_ANALYZER_NONNULL = YES;
				CLANG_ANALYZER_NUMBER_OBJECT_CONVERSION = YES_AGGRESSIVE;
				CLANG_CXX_LANGUAGE_STANDARD = "gnu++20";
				CLANG_ENABLE_MODULES = YES;
				CLANG_ENABLE_OBJC_ARC = YES;
				CLANG_ENABLE_OBJC_WEAK = YES;
				CLANG_WARN_BLOCK_CAPTURE_AUTORELEASING = YES;
				CLANG_WARN_BOOL_CONVERSION = YES;
				CLANG_WARN_COMMA = YES;
				CLANG_WARN_CONSTANT_CONVERSION = YES;
				CLANG_WARN_DEPRECATED_OBJC_IMPLEMENTATIONS = YES;
				CLANG_WARN_DIRECT_OBJC_ISA_USAGE = YES_ERROR;
				CLANG_WARN_DOCUMENTATION_COMMENTS = YES;
				CLANG_WARN_EMPTY_BODY = YES;
				CLANG_WARN_ENUM_CONVERSION = YES;
				CLANG_WARN_INFINITE_RECURSION = YES;
				CLANG_WARN_INT_CONVERSION = YES;
				CLANG_WARN_NON_LITERAL_NULL_CONVERSION = YES;
				CLANG_WARN_OBJC_IMPLICIT_RETAIN_SELF = YES;
				CLANG_WARN_OBJC_LITERAL_CONVERSION = YES;
				CLANG_WARN_OBJC_ROOT_CLASS = YES_ERROR;
				CLANG_WARN_QUOTED_INCLUDE_IN_FRAMEWORK_HEADER = YES;
				CLANG_WARN_RANGE_LOOP_ANALYSIS = YES;
				CLANG_WARN_STRICT_PROTOTYPES = YES;
				CLANG_WARN_SUSPICIOUS_MOVE = YES;
				CLANG_WARN_UNGUARDED_AVAILABILITY = YES_AGGRESSIVE;
				CLANG_WARN_UNREACHABLE_CODE = YES;
				CLANG_WARN__DUPLICATE_METHOD_MATCH = YES;
				COPY_PHASE_STRIP = NO;
				DEBUG_INFORMATION_FORMAT = "dwarf-with-dsym";
				ENABLE_NS_ASSERTIONS = NO;
				ENABLE_STRICT_OBJC_MSGSEND = YES;
				GCC_C_LANGUAGE_STANDARD = gnu11;
				GCC_NO_COMMON_BLOCKS = YES;
				GCC_WARN_64_TO_32_BIT_CONVERSION = YES;
				GCC_WARN_ABOUT_RETURN_TYPE = YES_ERROR;
				GCC_WARN_UNDECLARED_SELECTOR = YES;
				GCC_WARN_UNINITIALIZED_AUTOS = YES_AGGRESSIVE;
				GCC_WARN_UNUSED_FUNCTION = YES;
				GCC_WARN_UNUSED_VARIABLE = YES;
				IPHONEOS_DEPLOYMENT_TARGET = 16.0;
				MTL_ENABLE_DEBUG_INFO = NO;
				MTL_FAST_MATH = YES;
				SDKROOT = iphoneos;
				SWIFT_COMPILATION_MODE = wholemodule;
				SWIFT_OPTIMIZATION_LEVEL = "-O";
				VALIDATE_PRODUCT = YES;
			};
			name = Release;
		};
		4B3EA22129AFA4170014B7B8 /* Debug */ = {
			isa = XCBuildConfiguration;
			buildSettings = {
				ASSETCATALOG_COMPILER_APPICON_NAME = AppIcon;
				ASSETCATALOG_COMPILER_GLOBAL_ACCENT_COLOR_NAME = AccentColor;
				CODE_SIGN_STYLE = Automatic;
				CURRENT_PROJECT_VERSION = 1;
				DEVELOPMENT_TEAM = Y5DZ85S2CD;
				GENERATE_INFOPLIST_FILE = YES;
				INFOPLIST_FILE = iOS_Architecture/Info.plist;
				INFOPLIST_KEY_UIApplicationSupportsIndirectInputEvents = YES;
				INFOPLIST_KEY_UILaunchStoryboardName = LaunchScreen;
				INFOPLIST_KEY_UISupportedInterfaceOrientations_iPad = "UIInterfaceOrientationPortrait UIInterfaceOrientationPortraitUpsideDown UIInterfaceOrientationLandscapeLeft UIInterfaceOrientationLandscapeRight";
				INFOPLIST_KEY_UISupportedInterfaceOrientations_iPhone = "UIInterfaceOrientationPortrait UIInterfaceOrientationLandscapeLeft UIInterfaceOrientationLandscapeRight";
				LD_RUNPATH_SEARCH_PATHS = (
					"$(inherited)",
					"@executable_path/Frameworks",
				);
				MARKETING_VERSION = 1.0;
				PRODUCT_BUNDLE_IDENTIFIER = "com.Ren.iOS-Architecture";
				PRODUCT_NAME = "$(TARGET_NAME)";
				SWIFT_EMIT_LOC_STRINGS = YES;
				SWIFT_VERSION = 5.0;
				TARGETED_DEVICE_FAMILY = "1,2";
			};
			name = Debug;
		};
		4B3EA22229AFA4170014B7B8 /* Release */ = {
			isa = XCBuildConfiguration;
			buildSettings = {
				ASSETCATALOG_COMPILER_APPICON_NAME = AppIcon;
				ASSETCATALOG_COMPILER_GLOBAL_ACCENT_COLOR_NAME = AccentColor;
				CODE_SIGN_STYLE = Automatic;
				CURRENT_PROJECT_VERSION = 1;
				DEVELOPMENT_TEAM = Y5DZ85S2CD;
				GENERATE_INFOPLIST_FILE = YES;
				INFOPLIST_FILE = iOS_Architecture/Info.plist;
				INFOPLIST_KEY_UIApplicationSupportsIndirectInputEvents = YES;
				INFOPLIST_KEY_UILaunchStoryboardName = LaunchScreen;
				INFOPLIST_KEY_UISupportedInterfaceOrientations_iPad = "UIInterfaceOrientationPortrait UIInterfaceOrientationPortraitUpsideDown UIInterfaceOrientationLandscapeLeft UIInterfaceOrientationLandscapeRight";
				INFOPLIST_KEY_UISupportedInterfaceOrientations_iPhone = "UIInterfaceOrientationPortrait UIInterfaceOrientationLandscapeLeft UIInterfaceOrientationLandscapeRight";
				LD_RUNPATH_SEARCH_PATHS = (
					"$(inherited)",
					"@executable_path/Frameworks",
				);
				MARKETING_VERSION = 1.0;
				PRODUCT_BUNDLE_IDENTIFIER = "com.Ren.iOS-Architecture";
				PRODUCT_NAME = "$(TARGET_NAME)";
				SWIFT_EMIT_LOC_STRINGS = YES;
				SWIFT_VERSION = 5.0;
				TARGETED_DEVICE_FAMILY = "1,2";
			};
			name = Release;
		};
/* End XCBuildConfiguration section */

/* Begin XCConfigurationList section */
		4B3EA20729AFA4150014B7B8 /* Build configuration list for PBXProject "iOS_Architecture" */ = {
			isa = XCConfigurationList;
			buildConfigurations = (
				4B3EA21E29AFA4170014B7B8 /* Debug */,
				4B3EA21F29AFA4170014B7B8 /* Release */,
			);
			defaultConfigurationIsVisible = 0;
			defaultConfigurationName = Release;
		};
		4B3EA22029AFA4170014B7B8 /* Build configuration list for PBXNativeTarget "iOS_Architecture" */ = {
			isa = XCConfigurationList;
			buildConfigurations = (
				4B3EA22129AFA4170014B7B8 /* Debug */,
				4B3EA22229AFA4170014B7B8 /* Release */,
			);
			defaultConfigurationIsVisible = 0;
			defaultConfigurationName = Release;
		};
/* End XCConfigurationList section */

/* Begin XCRemoteSwiftPackageReference section */
		4B3EA23029B0CF7E0014B7B8 /* XCRemoteSwiftPackageReference "SnapKit" */ = {
			isa = XCRemoteSwiftPackageReference;
			repositoryURL = "https://github.com/SnapKit/SnapKit";
			requirement = {
				kind = upToNextMinorVersion;
				minimumVersion = 5.6.0;
			};
		};
		4B3EA24329B389E40014B7B8 /* XCRemoteSwiftPackageReference "SDWebImageSwiftUI" */ = {
			isa = XCRemoteSwiftPackageReference;
			repositoryURL = "https://github.com/SDWebImage/SDWebImageSwiftUI";
			requirement = {
				kind = upToNextMajorVersion;
				minimumVersion = 2.0.0;
			};
		};
/* End XCRemoteSwiftPackageReference section */

/* Begin XCSwiftPackageProductDependency section */
		4B3EA23129B0CF7E0014B7B8 /* SnapKit */ = {
			isa = XCSwiftPackageProductDependency;
			package = 4B3EA23029B0CF7E0014B7B8 /* XCRemoteSwiftPackageReference "SnapKit" */;
			productName = SnapKit;
		};
		4B3EA24429B389E40014B7B8 /* SDWebImageSwiftUI */ = {
			isa = XCSwiftPackageProductDependency;
			package = 4B3EA24329B389E40014B7B8 /* XCRemoteSwiftPackageReference "SDWebImageSwiftUI" */;
			productName = SDWebImageSwiftUI;
		};
/* End XCSwiftPackageProductDependency section */
	};
	rootObject = 4B3EA20429AFA4150014B7B8 /* Project object */;
}
